// !$*UTF8*$!
{
	archiveVersion = 1;
	classes = {
	};
	objectVersion = 42;
	objects = {

/* Begin PBXBuildFile section */
		CC9F2E43072C9AB100CDE7A9 /* VPWordCountPlugin.h in Headers */ = {isa = PBXBuildFile; fileRef = CC9F2E41072C9AB100CDE7A9 /* VPWordCountPlugin.h */; };
		CC9F2E44072C9AB100CDE7A9 /* VPWordCountPlugin.m in Sources */ = {isa = PBXBuildFile; fileRef = CC9F2E42072C9AB100CDE7A9 /* VPWordCountPlugin.m */; };
		CC9F2E4E072C9B5300CDE7A9 /* VPPlugin.framework in Frameworks */ = {isa = PBXBuildFile; fileRef = CC9F2E4D072C9B5300CDE7A9 /* VPPlugin.framework */; };
		CC9F2EB0072C9D3C00CDE7A9 /* WordCount-Info.plist in Resources */ = {isa = PBXBuildFile; fileRef = CC9F2EAF072C9D3C00CDE7A9 /* WordCount-Info.plist */; };
/* End PBXBuildFile section */

/* Begin PBXBuildStyle section */
		014CEA420018CDE011CA2923 /* Development */ = {
			isa = PBXBuildStyle;
			buildSettings = {
				COPY_PHASE_STRIP = NO;
				DEBUGGING_SYMBOLS = YES;
				GCC_DYNAMIC_NO_PIC = NO;
				GCC_ENABLE_FIX_AND_CONTINUE = YES;
				GCC_GENERATE_DEBUGGING_SYMBOLS = YES;
				GCC_OPTIMIZATION_LEVEL = 0;
				OPTIMIZATION_CFLAGS = "-O0";
				OTHER_CFLAGS = "-DDEBUG";
				ZERO_LINK = YES;
			};
			name = Development;
		};
		014CEA430018CDE011CA2923 /* Deployment */ = {
			isa = PBXBuildStyle;
			buildSettings = {
				COPY_PHASE_STRIP = YES;
				GCC_ENABLE_FIX_AND_CONTINUE = NO;
				ZERO_LINK = NO;
			};
			name = Deployment;
		};
/* End PBXBuildStyle section */

/* Begin PBXFileReference section */
		089C1672FE841209C02AAC07 /* Foundation.framework */ = {isa = PBXFileReference; lastKnownFileType = wrapper.framework; name = Foundation.framework; path = /System/Library/Frameworks/Foundation.framework; sourceTree = "<absolute>"; };
		089C167FFE841241C02AAC07 /* AppKit.framework */ = {isa = PBXFileReference; lastKnownFileType = wrapper.framework; name = AppKit.framework; path = /System/Library/Frameworks/AppKit.framework; sourceTree = "<absolute>"; };
		1058C7ADFEA557BF11CA2CBB /* Cocoa.framework */ = {isa = PBXFileReference; lastKnownFileType = wrapper.framework; name = Cocoa.framework; path = /System/Library/Frameworks/Cocoa.framework; sourceTree = "<absolute>"; };
		CC9F2E3C072C9A3800CDE7A9 /* WordCount.vpplugin */ = {isa = PBXFileReference; explicitFileType = wrapper.cfbundle; includeInIndex = 0; path = WordCount.vpplugin; sourceTree = BUILT_PRODUCTS_DIR; };
		CC9F2E41072C9AB100CDE7A9 /* VPWordCountPlugin.h */ = {isa = PBXFileReference; fileEncoding = 30; lastKnownFileType = sourcecode.c.h; name = VPWordCountPlugin.h; path = src/VPWordCountPlugin.h; sourceTree = "<group>"; };
		CC9F2E42072C9AB100CDE7A9 /* VPWordCountPlugin.m */ = {isa = PBXFileReference; fileEncoding = 30; lastKnownFileType = sourcecode.c.objc; name = VPWordCountPlugin.m; path = src/VPWordCountPlugin.m; sourceTree = "<group>"; };
		CC9F2E4D072C9B5300CDE7A9 /* VPPlugin.framework */ = {isa = PBXFileReference; lastKnownFileType = wrapper.framework; name = VPPlugin.framework; path = build/VPPlugin.framework; sourceTree = "<group>"; };
		CC9F2EAF072C9D3C00CDE7A9 /* WordCount-Info.plist */ = {isa = PBXFileReference; fileEncoding = 30; lastKnownFileType = text.xml; name = "WordCount-Info.plist"; path = "resources/WordCount-Info.plist"; sourceTree = "<group>"; };
/* End PBXFileReference section */

/* Begin PBXFrameworksBuildPhase section */
		CC93E199066ECBC400D09EFE /* Frameworks */ = {
			isa = PBXFrameworksBuildPhase;
			buildActionMask = 2147483647;
			files = (
				CC9F2E4E072C9B5300CDE7A9 /* VPPlugin.framework in Frameworks */,
			);
			runOnlyForDeploymentPostprocessing = 0;
		};
/* End PBXFrameworksBuildPhase section */

/* Begin PBXGroup section */
		089C166AFE841209C02AAC07 /* voodoopadplugins */ = {
			isa = PBXGroup;
			children = (
				08FB77AFFE84173DC02AAC07 /* Classes */,
				089C167CFE841241C02AAC07 /* Resources */,
				089C1671FE841209C02AAC07 /* Frameworks and Libraries */,
				19C28FB8FE9D52D311CA2CBB /* Products */,
			);
			name = voodoopadplugins;
			sourceTree = "<group>";
		};
		089C1671FE841209C02AAC07 /* Frameworks and Libraries */ = {
			isa = PBXGroup;
			children = (
				1058C7ACFEA557BF11CA2CBB /* Linked Frameworks */,
				1058C7AEFEA557BF11CA2CBB /* Other Frameworks */,
			);
			name = "Frameworks and Libraries";
			sourceTree = "<group>";
		};
		089C167CFE841241C02AAC07 /* Resources */ = {
			isa = PBXGroup;
			children = (
				CC9F2EAF072C9D3C00CDE7A9 /* WordCount-Info.plist */,
			);
			name = Resources;
			sourceTree = "<group>";
		};
		08FB77AFFE84173DC02AAC07 /* Classes */ = {
			isa = PBXGroup;
			children = (
				CC9F2E41072C9AB100CDE7A9 /* VPWordCountPlugin.h */,
				CC9F2E42072C9AB100CDE7A9 /* VPWordCountPlugin.m */,
			);
			name = Classes;
			sourceTree = "<group>";
		};
		1058C7ACFEA557BF11CA2CBB /* Linked Frameworks */ = {
			isa = PBXGroup;
			children = (
				CC9F2E4D072C9B5300CDE7A9 /* VPPlugin.framework */,
				1058C7ADFEA557BF11CA2CBB /* Cocoa.framework */,
			);
			name = "Linked Frameworks";
			sourceTree = "<group>";
		};
		1058C7AEFEA557BF11CA2CBB /* Other Frameworks */ = {
			isa = PBXGroup;
			children = (
				089C1672FE841209C02AAC07 /* Foundation.framework */,
				089C167FFE841241C02AAC07 /* AppKit.framework */,
			);
			name = "Other Frameworks";
			sourceTree = "<group>";
		};
		19C28FB8FE9D52D311CA2CBB /* Products */ = {
			isa = PBXGroup;
			children = (
				CC9F2E3C072C9A3800CDE7A9 /* WordCount.vpplugin */,
			);
			name = Products;
			sourceTree = "<group>";
		};
/* End PBXGroup section */

/* Begin PBXHeadersBuildPhase section */
		CC93E18C066ECBC400D09EFE /* Headers */ = {
			isa = PBXHeadersBuildPhase;
			buildActionMask = 2147483647;
			files = (
				CC9F2E43072C9AB100CDE7A9 /* VPWordCountPlugin.h in Headers */,
			);
			runOnlyForDeploymentPostprocessing = 0;
		};
/* End PBXHeadersBuildPhase section */

/* Begin PBXNativeTarget section */
		CC93E18B066ECBC400D09EFE /* WordCountPlugin */ = {
			isa = PBXNativeTarget;
			buildConfigurationList = 167D8D05099FB4F20006FE38 /* Build configuration list for PBXNativeTarget "WordCountPlugin" */;
			buildPhases = (
				CC93E18C066ECBC400D09EFE /* Headers */,
				CC93E191066ECBC400D09EFE /* Resources */,
				CC93E194066ECBC400D09EFE /* Sources */,
				CC93E199066ECBC400D09EFE /* Frameworks */,
			);
			buildRules = (
			);
			buildSettings = {
				FRAMEWORK_SEARCH_PATHS = /Volumes/srv/Users/gus/Projects/svn_voodoopad/plugin/build;
				GCC_PRECOMPILE_PREFIX_HEADER = YES;
				GCC_PREFIX_HEADER = "$(SYSTEM_LIBRARY_DIR)/Frameworks/AppKit.framework/Headers/AppKit.h";
				GCC_WARN_FOUR_CHARACTER_CONSTANTS = NO;
				GCC_WARN_UNKNOWN_PRAGMAS = NO;
				INFOPLIST_FILE = "resources/WordCount-Info.plist";
				INSTALL_PATH = "@executable_path/../PlugIns";
				OTHER_CFLAGS = "";
				OTHER_LDFLAGS = (
					"-framework",
					Foundation,
					"-framework",
					AppKit,
				);
				OTHER_REZFLAGS = "";
				PRODUCT_NAME = WordCount;
				SECTORDER_FLAGS = "";
				WARNING_CFLAGS = "-Wmost";
				WRAPPER_EXTENSION = vpplugin;
			};
			dependencies = (
			);
			name = WordCountPlugin;
			productName = HTMLExport;
			productReference = CC9F2E3C072C9A3800CDE7A9 /* WordCount.vpplugin */;
			productSettingsXML = "<?xml version=\"1.0\" encoding=\"UTF-8\"?>
<!DOCTYPE plist PUBLIC \"-//Apple Computer//DTD PLIST 1.0//EN\" \"http://www.apple.com/DTDs/PropertyList-1.0.dtd\">
<plist version=\"1.0\">
<dict>
	<key>CFBundleDevelopmentRegion</key>
	<string>English</string>
	<key>CFBundleExecutable</key>
	<string>HTMLExport</string>
	<key>CFBundleGetInfoString</key>
	<string></string>
	<key>CFBundleIconFile</key>
	<string></string>
	<key>CFBundleIdentifier</key>
	<string>com.MySoftwareCompany.HTMLExport</string>
	<key>CFBundleInfoDictionaryVersion</key>
	<string>6.0</string>
	<key>CFBundlePackageType</key>
	<string>APPL</string>
	<key>CFBundleShortVersionString</key>
	<string></string>
	<key>CFBundleSignature</key>
	<string>????</string>
	<key>CFBundleVersion</key>
	<string>1.0.0d1</string>
</dict>
</plist>
";
			productType = "com.apple.product-type.bundle";
		};
/* End PBXNativeTarget section */

/* Begin PBXProject section */
		089C1669FE841209C02AAC07 /* Project object */ = {
			isa = PBXProject;
			buildConfigurationList = 167D8D09099FB4F20006FE38 /* Build configuration list for PBXProject "WordCountExample" */;
			buildSettings = {
			};
			buildStyles = (
				014CEA420018CDE011CA2923 /* Development */,
				014CEA430018CDE011CA2923 /* Deployment */,
			);
			hasScannedForEncodings = 1;
			mainGroup = 089C166AFE841209C02AAC07 /* voodoopadplugins */;
			projectDirPath = "";
			targets = (
				CC93E18B066ECBC400D09EFE /* WordCountPlugin */,
			);
		};
/* End PBXProject section */

/* Begin PBXResourcesBuildPhase section */
		CC93E191066ECBC400D09EFE /* Resources */ = {
			isa = PBXResourcesBuildPhase;
			buildActionMask = 2147483647;
			files = (
				CC9F2EB0072C9D3C00CDE7A9 /* WordCount-Info.plist in Resources */,
			);
			runOnlyForDeploymentPostprocessing = 0;
		};
/* End PBXResourcesBuildPhase section */

/* Begin PBXSourcesBuildPhase section */
		CC93E194066ECBC400D09EFE /* Sources */ = {
			isa = PBXSourcesBuildPhase;
			buildActionMask = 2147483647;
			files = (
				CC9F2E44072C9AB100CDE7A9 /* VPWordCountPlugin.m in Sources */,
			);
			runOnlyForDeploymentPostprocessing = 0;
		};
/* End PBXSourcesBuildPhase section */

/* Begin XCBuildConfiguration section */
		167D8D06099FB4F20006FE38 /* Development */ = {
			isa = XCBuildConfiguration;
			buildSettings = {
				COPY_PHASE_STRIP = NO;
				DEBUGGING_SYMBOLS = YES;
				FRAMEWORK_SEARCH_PATHS = /Volumes/srv/Users/gus/Projects/svn_voodoopad/plugin/build;
				GCC_DYNAMIC_NO_PIC = NO;
				GCC_ENABLE_FIX_AND_CONTINUE = YES;
				GCC_GENERATE_DEBUGGING_SYMBOLS = YES;
				GCC_OPTIMIZATION_LEVEL = 0;
				GCC_PRECOMPILE_PREFIX_HEADER = YES;
				GCC_PREFIX_HEADER = "$(SYSTEM_LIBRARY_DIR)/Frameworks/AppKit.framework/Headers/AppKit.h";
				GCC_WARN_FOUR_CHARACTER_CONSTANTS = NO;
				GCC_WARN_UNKNOWN_PRAGMAS = NO;
				INFOPLIST_FILE = "resources/WordCount-Info.plist";
				INSTALL_PATH = "@executable_path/../PlugIns";
				OPTIMIZATION_CFLAGS = "-O0";
				OTHER_CFLAGS = "-DDEBUG";
				OTHER_LDFLAGS = (
					"-framework",
					Foundation,
					"-framework",
					AppKit,
				);
				OTHER_REZFLAGS = "";
				PRODUCT_NAME = WordCount;
				SECTORDER_FLAGS = "";
				WARNING_CFLAGS = "-Wmost";
				WRAPPER_EXTENSION = vpplugin;
				ZERO_LINK = YES;
			};
			name = Development;
		};
		167D8D07099FB4F20006FE38 /* Deployment */ = {
			isa = XCBuildConfiguration;
			buildSettings = {
				COPY_PHASE_STRIP = YES;
				FRAMEWORK_SEARCH_PATHS = /Volumes/srv/Users/gus/Projects/svn_voodoopad/plugin/build;
				GCC_ENABLE_FIX_AND_CONTINUE = NO;
				GCC_PRECOMPILE_PREFIX_HEADER = YES;
				GCC_PREFIX_HEADER = "$(SYSTEM_LIBRARY_DIR)/Frameworks/AppKit.framework/Headers/AppKit.h";
				GCC_WARN_FOUR_CHARACTER_CONSTANTS = NO;
				GCC_WARN_UNKNOWN_PRAGMAS = NO;
				INFOPLIST_FILE = "resources/WordCount-Info.plist";
				INSTALL_PATH = "@executable_path/../PlugIns";
				OTHER_CFLAGS = "";
				OTHER_LDFLAGS = (
					"-framework",
					Foundation,
					"-framework",
					AppKit,
				);
				OTHER_REZFLAGS = "";
				PRODUCT_NAME = WordCount;
				SECTORDER_FLAGS = "";
				WARNING_CFLAGS = "-Wmost";
				WRAPPER_EXTENSION = vpplugin;
				ZERO_LINK = NO;
			};
			name = Deployment;
		};
		167D8D08099FB4F20006FE38 /* Default */ = {
			isa = XCBuildConfiguration;
			buildSettings = {
				FRAMEWORK_SEARCH_PATHS = /Volumes/srv/Users/gus/Projects/svn_voodoopad/plugin/build;
				GCC_PRECOMPILE_PREFIX_HEADER = YES;
				GCC_PREFIX_HEADER = "$(SYSTEM_LIBRARY_DIR)/Frameworks/AppKit.framework/Headers/AppKit.h";
				GCC_WARN_FOUR_CHARACTER_CONSTANTS = NO;
				GCC_WARN_UNKNOWN_PRAGMAS = NO;
				INFOPLIST_FILE = "resources/WordCount-Info.plist";
				INSTALL_PATH = "@executable_path/../PlugIns";
				OTHER_CFLAGS = "";
				OTHER_LDFLAGS = (
					"-framework",
					Foundation,
					"-framework",
					AppKit,
				);
				OTHER_REZFLAGS = "";
				PRODUCT_NAME = WordCount;
				SECTORDER_FLAGS = "";
				WARNING_CFLAGS = "-Wmost";
				WRAPPER_EXTENSION = vpplugin;
			};
			name = Default;
		};
		167D8D0A099FB4F20006FE38 /* Development */ = {
			isa = XCBuildConfiguration;
			buildSettings = {
			};
			name = Development;
		};
		167D8D0B099FB4F20006FE38 /* Deployment */ = {
			isa = XCBuildConfiguration;
			buildSettings = {
			};
			name = Deployment;
		};
		167D8D0C099FB4F20006FE38 /* Default */ = {
			isa = XCBuildConfiguration;
			buildSettings = {
			};
			name = Default;
		};
/* End XCBuildConfiguration section */

/* Begin XCConfigurationList section */
		167D8D05099FB4F20006FE38 /* Build configuration list for PBXNativeTarget "WordCountPlugin" */ = {
			isa = XCConfigurationList;
			buildConfigurations = (
				167D8D06099FB4F20006FE38 /* Development */,
				167D8D07099FB4F20006FE38 /* Deployment */,
				167D8D08099FB4F20006FE38 /* Default */,
			);
			defaultConfigurationIsVisible = 0;
			defaultConfigurationName = Default;
		};
		167D8D09099FB4F20006FE38 /* Build configuration list for PBXProject "WordCountExample" */ = {
			isa = XCConfigurationList;
			buildConfigurations = (
				167D8D0A099FB4F20006FE38 /* Development */,
				167D8D0B099FB4F20006FE38 /* Deployment */,
				167D8D0C099FB4F20006FE38 /* Default */,
			);
			defaultConfigurationIsVisible = 0;
			defaultConfigurationName = Default;
		};
/* End XCConfigurationList section */
	};
	rootObject = 089C1669FE841209C02AAC07 /* Project object */;
}
