
Microsoft Visual Studio Solution File, Format Version 10.00
# Visual Studio 2008
Project("{F184B08F-C81C-45F6-A57F-5ABD9991F28F}") = "GetReqs", "ota1\GetReqs.vbproj", "{6E9A0905-E655-4868-B45C-D13274DDBB1C}"
EndProject
Global
	GlobalSection(SolutionConfigurationPlatforms) = preSolution
		Debug|Any CPU = Debug|Any CPU
		Release|Any CPU = Release|Any CPU
	EndGlobalSection
	GlobalSection(ProjectConfigurationPlatforms) = postSolution
		{6E9A0905-E655-4868-B45C-D13274DDBB1C}.Debug|Any CPU.ActiveCfg = Debug|Any CPU
		{6E9A0905-E655-4868-B45C-D13274DDBB1C}.Debug|Any CPU.Build.0 = Debug|Any CPU
		{6E9A0905-E655-4868-B45C-D13274DDBB1C}.Release|Any CPU.ActiveCfg = Release|Any CPU
		{6E9A0905-E655-4868-B45C-D13274DDBB1C}.Release|Any CPU.Build.0 = Release|Any CPU
	EndGlobalSection
	GlobalSection(SolutionProperties) = preSolution
		HideSolutionNode = FALSE
	EndGlobalSection
EndGlobal
